<?xml version="1.0" encoding="utf-8"?>
<Project ToolsVersion="4.0" xmlns="http://schemas.microsoft.com/developer/msbuild/2003">
  <ItemGroup>
    <Filter Include="Source Files">
      <UniqueIdentifier>{c0f0ff9d-1103-4ca9-b24e-d201acbc8bbe}</UniqueIdentifier>
      <Extensions>cpp;c;cxx;rc;def;r;odl;idl;hpj;bat</Extensions>
    </Filter>
    <Filter Include="Header Files">
      <UniqueIdentifier>{90b5ee7c-38d3-4577-a397-a923a1572cf3}</UniqueIdentifier>
      <Extensions>h;hpp;hxx;hm;inl</Extensions>
    </Filter>
    <Filter Include="Resource Files">
      <UniqueIdentifier>{aac675d1-0f4d-46f7-8111-ca348192644a}</UniqueIdentifier>
      <Extensions>ico;cur;bmp;dlg;rc2;rct;bin;rgs;gif;jpg;jpeg;jpe</Extensions>
    </Filter>
  </ItemGroup>
  <ItemGroup>
    <ClCompile Include="source\AGELIST.CPP">
      <Filter>Source Files</Filter>
    </ClCompile>
    <ClCompile Include="source\ERROR.CPP">
      <Filter>Source Files</Filter>
    </ClCompile>
    <ClCompile Include="source\LANDU.CPP">
      <Filter>Source Files</Filter>
    </ClCompile>
    <ClCompile Include="source\LANDUS.CPP">
      <Filter>Source Files</Filter>
    </ClCompile>
    <ClCompile Include="source\Map8.cpp">
      <Filter>Source Files</Filter>
    </ClCompile>
    <ClCompile Include="source\SITE.CPP">
      <Filter>Source Files</Filter>
    </ClCompile>
    <ClCompile Include="source\SITES.CPP">
      <Filter>Source Files</Filter>
    </ClCompile>
    <ClCompile Include="source\SPECATT.CPP">
      <Filter>Source Files</Filter>
    </ClCompile>
    <ClCompile Include="source\SPECATTS.CPP">
      <Filter>Source Files</Filter>
    </ClCompile>
    <ClCompile Include="source\SPECIE.CPP">
      <Filter>Source Files</Filter>
    </ClCompile>
    <ClCompile Include="source\SPECIES.CPP">
      <Filter>Source Files</Filter>
    </ClCompile>
    <ClCompile Include="source\SYSTEM1.CPP">
      <Filter>Source Files</Filter>
    </ClCompile>
    <ClCompile Include="source\seeding_prob.cpp">
      <Filter>Source Files</Filter>
    </ClCompile>
  </ItemGroup>
  <ItemGroup>
    <ClInclude Include="..\public\AGELIST.H">
      <Filter>Header Files</Filter>
    </ClInclude>
    <ClInclude Include="..\public\LANDU.H">
      <Filter>Header Files</Filter>
    </ClInclude>
    <ClInclude Include="..\public\LANDUS.H">
      <Filter>Header Files</Filter>
    </ClInclude>
    <ClInclude Include="..\public\List.h">
      <Filter>Header Files</Filter>
    </ClInclude>
    <ClInclude Include="..\public\MAP8.H">
      <Filter>Header Files</Filter>
    </ClInclude>
    <ClInclude Include="..\public\Point.h">
      <Filter>Header Files</Filter>
    </ClInclude>
    <ClInclude Include="..\public\SITE.H">
      <Filter>Header Files</Filter>
    </ClInclude>
    <ClInclude Include="..\public\SITES.H">
      <Filter>Header Files</Filter>
    </ClInclude>
    <ClInclude Include="..\public\SPECATT.H">
      <Filter>Header Files</Filter>
    </ClInclude>
    <ClInclude Include="..\public\SPECATTS.H">
      <Filter>Header Files</Filter>
    </ClInclude>
    <ClInclude Include="..\public\SPECIE.H">
      <Filter>Header Files</Filter>
    </ClInclude>
    <ClInclude Include="..\public\SPECIES.H">
      <Filter>Header Files</Filter>
    </ClInclude>
    <ClInclude Include="..\public\SYSTEM1.H">
      <Filter>Header Files</Filter>
    </ClInclude>
    <ClInclude Include="..\public\seeding_prob.h">
      <Filter>Header Files</Filter>
    </ClInclude>
  </ItemGroup>
  <ItemGroup>
    <None Include="ClassDiagram1.cd" />
  </ItemGroup>
</Project>