<?xml version="1.0" encoding="utf-8"?>
<Project ToolsVersion="4.0" xmlns="http://schemas.microsoft.com/developer/msbuild/2003">
  <ItemGroup>
    <Filter Include="Source Files">
      <UniqueIdentifier>{c07b2e8b-18a5-4f79-9224-7ae0c483eef6}</UniqueIdentifier>
      <Extensions>cpp;c;cxx;rc;def;r;odl;idl;hpj;bat</Extensions>
    </Filter>
    <Filter Include="Header Files">
      <UniqueIdentifier>{cf5e824c-e55f-4c71-a069-b421d28ae05a}</UniqueIdentifier>
      <Extensions>h;hpp;hxx;hm;inl</Extensions>
    </Filter>
    <Filter Include="Resource Files">
      <UniqueIdentifier>{65ee0aa6-8088-4717-b0b3-6724a48fbeeb}</UniqueIdentifier>
      <Extensions>ico;cur;bmp;dlg;rc2;rct;bin;rgs;gif;jpg;jpeg;jpe</Extensions>
    </Filter>
  </ItemGroup>
  <ItemGroup>
    <ClCompile Include="source\CohortRemovalMask.cpp">
      <Filter>Source Files</Filter>
    </ClCompile>
    <ClCompile Include="source\FuelGlobalFuncs.cpp">
      <Filter>Source Files</Filter>
    </ClCompile>
    <ClCompile Include="source\FuelManage.cpp">
      <Filter>Source Files</Filter>
    </ClCompile>
    <ClCompile Include="source\FuelManEvent.cpp">
      <Filter>Source Files</Filter>
    </ClCompile>
    <ClCompile Include="source\FuelRule.cpp">
      <Filter>Source Files</Filter>
    </ClCompile>
    <ClCompile Include="source\FuelSites.cpp">
      <Filter>Source Files</Filter>
    </ClCompile>
    <ClCompile Include="source\FuelStand.cpp">
      <Filter>Source Files</Filter>
    </ClCompile>
    <ClCompile Include="source\FuelStands.cpp">
      <Filter>Source Files</Filter>
    </ClCompile>
    <ClCompile Include="source\FuelTrack.cpp">
      <Filter>Source Files</Filter>
    </ClCompile>
    <ClCompile Include="source\FuelTreatmentRank.cpp">
      <Filter>Source Files</Filter>
    </ClCompile>
    <ClCompile Include="source\HarvestReport.cpp">
      <Filter>Source Files</Filter>
    </ClCompile>
    <ClCompile Include="source\IntArray.cpp">
      <Filter>Source Files</Filter>
    </ClCompile>
    <ClCompile Include="source\ManagementArea.cpp">
      <Filter>Source Files</Filter>
    </ClCompile>
    <ClCompile Include="source\ManagementAreaIterator.cpp">
      <Filter>Source Files</Filter>
    </ClCompile>
    <ClCompile Include="source\ManagementAreas.cpp">
      <Filter>Source Files</Filter>
    </ClCompile>
    <ClCompile Include="source\POINT.CPP">
      <Filter>Source Files</Filter>
    </ClCompile>
    <ClCompile Include="source\Reclass4.cpp">
      <Filter>Source Files</Filter>
    </ClCompile>
    <ClCompile Include="source\SiteHarvester.cpp">
      <Filter>Source Files</Filter>
    </ClCompile>
    <ClCompile Include="source\SiteRemovalMask.cpp">
      <Filter>Source Files</Filter>
    </ClCompile>
    <ClCompile Include="source\StandIterator.cpp">
      <Filter>Source Files</Filter>
    </ClCompile>
  </ItemGroup>
  <ItemGroup>
    <ClInclude Include="source\CohortRemovalMask.h">
      <Filter>Header Files</Filter>
    </ClInclude>
    <ClInclude Include="source\FuelDefines.h">
      <Filter>Header Files</Filter>
    </ClInclude>
    <ClInclude Include="..\public\FuelGlobalFuncs.h">
      <Filter>Header Files</Filter>
    </ClInclude>
    <ClInclude Include="source\FuelGlobalVariables.h">
      <Filter>Header Files</Filter>
    </ClInclude>
    <ClInclude Include="source\FuelManage.h">
      <Filter>Header Files</Filter>
    </ClInclude>
    <ClInclude Include="source\FuelManEvent.h">
      <Filter>Header Files</Filter>
    </ClInclude>
    <ClInclude Include="source\FuelRule.h">
      <Filter>Header Files</Filter>
    </ClInclude>
    <ClInclude Include="source\FuelSites.h">
      <Filter>Header Files</Filter>
    </ClInclude>
    <ClInclude Include="source\FuelStand.h">
      <Filter>Header Files</Filter>
    </ClInclude>
    <ClInclude Include="source\FuelStands.h">
      <Filter>Header Files</Filter>
    </ClInclude>
    <ClInclude Include="source\FuelTrack.h">
      <Filter>Header Files</Filter>
    </ClInclude>
    <ClInclude Include="source\FuelTreatmentRank.h">
      <Filter>Header Files</Filter>
    </ClInclude>
    <ClInclude Include="source\HarvestReport.h">
      <Filter>Header Files</Filter>
    </ClInclude>
    <ClInclude Include="source\ManagementAreaIterator.h">
      <Filter>Header Files</Filter>
    </ClInclude>
    <ClInclude Include="source\Reclass4.h">
      <Filter>Header Files</Filter>
    </ClInclude>
    <ClInclude Include="source\SiteHarvester.h">
      <Filter>Header Files</Filter>
    </ClInclude>
    <ClInclude Include="source\SiteRemovalMask.h">
      <Filter>Header Files</Filter>
    </ClInclude>
    <ClInclude Include="source\StandIterator.h">
      <Filter>Header Files</Filter>
    </ClInclude>
  </ItemGroup>
  <ItemGroup>
    <CustomBuild Include="source\Fuel.def">
      <Filter>Source Files</Filter>
    </CustomBuild>
  </ItemGroup>
</Project>