<?xml version="1.0" encoding="utf-8"?>
<Project ToolsVersion="4.0" xmlns="http://schemas.microsoft.com/developer/msbuild/2003">
  <ItemGroup>
    <Filter Include="Source Files">
      <UniqueIdentifier>{3c289a1e-45f8-4ba3-ac2a-d69f37b2518e}</UniqueIdentifier>
      <Extensions>cpp;c;cxx;rc;def;r;odl;idl;hpj;bat</Extensions>
    </Filter>
    <Filter Include="Header Files">
      <UniqueIdentifier>{e1115f64-cae8-4d28-99e7-133b82e6288c}</UniqueIdentifier>
      <Extensions>h;hpp;hxx;hm;inl</Extensions>
    </Filter>
    <Filter Include="Resource Files">
      <UniqueIdentifier>{122ec61c-7578-4dac-a533-f286d0e98dae}</UniqueIdentifier>
      <Extensions>ico;cur;bmp;dlg;rc2;rct;bin;rgs;gif;jpg;jpeg;jpe</Extensions>
    </Filter>
  </ItemGroup>
  <ItemGroup>
    <ClCompile Include="source\IO.CPP">
      <Filter>Source Files</Filter>
    </ClCompile>
    <ClCompile Include="source\LANDIS.CPP">
      <Filter>Source Files</Filter>
    </ClCompile>
    <ClCompile Include="source\PARAMS.CPP">
      <Filter>Source Files</Filter>
    </ClCompile>
    <ClCompile Include="source\PDP.CPP">
      <Filter>Source Files</Filter>
    </ClCompile>
    <ClCompile Include="source\RECLASS.CPP">
      <Filter>Source Files</Filter>
    </ClCompile>
    <ClCompile Include="source\RECLASS2.CPP">
      <Filter>Source Files</Filter>
    </ClCompile>
    <ClCompile Include="source\RECLASS3.CPP">
      <Filter>Source Files</Filter>
    </ClCompile>
  </ItemGroup>
  <ItemGroup>
    <ClInclude Include="source\IO.H">
      <Filter>Header Files</Filter>
    </ClInclude>
    <ClInclude Include="source\LANDIS.H">
      <Filter>Header Files</Filter>
    </ClInclude>
    <ClInclude Include="source\PARAMS.H">
      <Filter>Header Files</Filter>
    </ClInclude>
    <ClInclude Include="..\public\PDP.H">
      <Filter>Header Files</Filter>
    </ClInclude>
    <ClInclude Include="source\RECLASS.H">
      <Filter>Header Files</Filter>
    </ClInclude>
    <ClInclude Include="source\RECLASS2.H">
      <Filter>Header Files</Filter>
    </ClInclude>
    <ClInclude Include="source\RECLASS3.H">
      <Filter>Header Files</Filter>
    </ClInclude>
  </ItemGroup>
</Project>